
Microsoft Visual Studio Solution File, Format Version 12.00
# Visual Studio Version 16
VisualStudioVersion = 16.0.29215.179
MinimumVisualStudioVersion = 10.0.40219.1
Project("{FAE04EC0-301F-11D3-BF4B-00C04F79EFBC}") = "Calculator", "Calculator\Calculator.csproj", "{58F2CD7B-5927-4F6F-AED2-5775BEF5F7A5}"
EndProject
Project("{FAE04EC0-301F-11D3-BF4B-00C04F79EFBC}") = "CalculatorTest", "CalculatorTest\CalculatorTest.csproj", "{D22E9CE7-30E9-4A8F-B522-24BAD539D56A}"
EndProject
Project("{FAE04EC0-301F-11D3-BF4B-00C04F79EFBC}") = "TestDrivenDevelopment", "TestDrivenDevelopment\TestDrivenDevelopment.csproj", "{3A10A77C-3EAB-4738-B100-52B2ECB464F3}"
EndProject
Project("{FAE04EC0-301F-11D3-BF4B-00C04F79EFBC}") = "CalculatorMSTest", "CalculatorMSTest\CalculatorMSTest.csproj", "{DE6813DF-C21B-478B-B33F-DAFA3DB776FA}"
EndProject
Project("{FAE04EC0-301F-11D3-BF4B-00C04F79EFBC}") = "CalculatorWinForm", "CalculatorWinForm\CalculatorWinForm.csproj", "{78805F63-747E-4972-BDEA-7D0653F3126F}"
EndProject
Project("{FAE04EC0-301F-11D3-BF4B-00C04F79EFBC}") = "CalculatorWPF", "CalculatorWPF\CalculatorWPF.csproj", "{BDCA36E8-70A3-4FDB-BE89-657869A456C0}"
EndProject
Global
	GlobalSection(SolutionConfigurationPlatforms) = preSolution
		Debug|Any CPU = Debug|Any CPU
		Release|Any CPU = Release|Any CPU
	EndGlobalSection
	GlobalSection(ProjectConfigurationPlatforms) = postSolution
		{58F2CD7B-5927-4F6F-AED2-5775BEF5F7A5}.Debug|Any CPU.ActiveCfg = Debug|Any CPU
		{58F2CD7B-5927-4F6F-AED2-5775BEF5F7A5}.Debug|Any CPU.Build.0 = Debug|Any CPU
		{58F2CD7B-5927-4F6F-AED2-5775BEF5F7A5}.Release|Any CPU.ActiveCfg = Release|Any CPU
		{58F2CD7B-5927-4F6F-AED2-5775BEF5F7A5}.Release|Any CPU.Build.0 = Release|Any CPU
		{D22E9CE7-30E9-4A8F-B522-24BAD539D56A}.Debug|Any CPU.ActiveCfg = Debug|Any CPU
		{D22E9CE7-30E9-4A8F-B522-24BAD539D56A}.Debug|Any CPU.Build.0 = Debug|Any CPU
		{D22E9CE7-30E9-4A8F-B522-24BAD539D56A}.Release|Any CPU.ActiveCfg = Release|Any CPU
		{D22E9CE7-30E9-4A8F-B522-24BAD539D56A}.Release|Any CPU.Build.0 = Release|Any CPU
		{3A10A77C-3EAB-4738-B100-52B2ECB464F3}.Debug|Any CPU.ActiveCfg = Debug|Any CPU
		{3A10A77C-3EAB-4738-B100-52B2ECB464F3}.Debug|Any CPU.Build.0 = Debug|Any CPU
		{3A10A77C-3EAB-4738-B100-52B2ECB464F3}.Release|Any CPU.ActiveCfg = Release|Any CPU
		{3A10A77C-3EAB-4738-B100-52B2ECB464F3}.Release|Any CPU.Build.0 = Release|Any CPU
		{DE6813DF-C21B-478B-B33F-DAFA3DB776FA}.Debug|Any CPU.ActiveCfg = Debug|Any CPU
		{DE6813DF-C21B-478B-B33F-DAFA3DB776FA}.Debug|Any CPU.Build.0 = Debug|Any CPU
		{DE6813DF-C21B-478B-B33F-DAFA3DB776FA}.Release|Any CPU.ActiveCfg = Release|Any CPU
		{DE6813DF-C21B-478B-B33F-DAFA3DB776FA}.Release|Any CPU.Build.0 = Release|Any CPU
		{78805F63-747E-4972-BDEA-7D0653F3126F}.Debug|Any CPU.ActiveCfg = Debug|Any CPU
		{78805F63-747E-4972-BDEA-7D0653F3126F}.Debug|Any CPU.Build.0 = Debug|Any CPU
		{78805F63-747E-4972-BDEA-7D0653F3126F}.Release|Any CPU.ActiveCfg = Release|Any CPU
		{78805F63-747E-4972-BDEA-7D0653F3126F}.Release|Any CPU.Build.0 = Release|Any CPU
		{BDCA36E8-70A3-4FDB-BE89-657869A456C0}.Debug|Any CPU.ActiveCfg = Debug|Any CPU
		{BDCA36E8-70A3-4FDB-BE89-657869A456C0}.Debug|Any CPU.Build.0 = Debug|Any CPU
		{BDCA36E8-70A3-4FDB-BE89-657869A456C0}.Release|Any CPU.ActiveCfg = Release|Any CPU
		{BDCA36E8-70A3-4FDB-BE89-657869A456C0}.Release|Any CPU.Build.0 = Release|Any CPU
	EndGlobalSection
	GlobalSection(SolutionProperties) = preSolution
		HideSolutionNode = FALSE
	EndGlobalSection
	GlobalSection(ExtensibilityGlobals) = postSolution
		SolutionGuid = {5A4D5CBB-C0F7-43C9-9AC3-1F4F6859ABFC}
	EndGlobalSection
EndGlobal
